// !$*UTF8*$!
{
	archiveVersion = 1;
	classes = {
	};
	objectVersion = 56;
	objects = {

/* Begin PBXBuildFile section */
		693A48FFD17414B856635A24 /* Pods_TinyTribe_TinyTribeUITests.framework in Frameworks */ = {isa = PBXBuildFile; fileRef = C7B9421B7CCCD5AC2BFDC87A /* Pods_TinyTribe_TinyTribeUITests.framework */; };
		8BB03A8539168D438F628992 /* Pods_TinyTribeTests.framework in Frameworks */ = {isa = PBXBuildFile; fileRef = 64A0FC9D4DCC160C78316642 /* Pods_TinyTribeTests.framework */; };
		F1F405690166A7FEA910652E /* Pods_TinyTribe.framework in Frameworks */ = {isa = PBXBuildFile; fileRef = 25EFEB9E695321C154D11E32 /* Pods_TinyTribe.framework */; };
		F406D26C2CDD1E9600F8F095 /* LoginView.swift in Sources */ = {isa = PBXBuildFile; fileRef = F406D26B2CDD1E9600F8F095 /* LoginView.swift */; };
		F406D26F2CDD209000F8F095 /* RegisterView.swift in Sources */ = {isa = PBXBuildFile; fileRef = F406D26E2CDD209000F8F095 /* RegisterView.swift */; };
		F41B7C4B2CDD4A5D005ABA17 /* CreateProfileView.swift in Sources */ = {isa = PBXBuildFile; fileRef = F41B7C4A2CDD4A5D005ABA17 /* CreateProfileView.swift */; };
		F41B7C4E2CDD4AA3005ABA17 /* ImagePicker.swift in Sources */ = {isa = PBXBuildFile; fileRef = F41B7C4D2CDD4AA3005ABA17 /* ImagePicker.swift */; };
		F4299F712CDCE9FC00776A1D /* ColorPalette.swift in Sources */ = {isa = PBXBuildFile; fileRef = F4299F702CDCE9FC00776A1D /* ColorPalette.swift */; };
		F43661972CEFC42D00896AD7 /* Invitee.swift in Sources */ = {isa = PBXBuildFile; fileRef = F43661962CEFC42D00896AD7 /* Invitee.swift */; };
		F43661992CEFC4E100896AD7 /* Group.swift in Sources */ = {isa = PBXBuildFile; fileRef = F43661982CEFC4E100896AD7 /* Group.swift */; };
		F43902892CDD53D000124D09 /* GoogleService-Info.plist in Resources */ = {isa = PBXBuildFile; fileRef = F43902882CDD53D000124D09 /* GoogleService-Info.plist */; };
		F439028B2CDEB4C800124D09 /* HomeView.swift in Sources */ = {isa = PBXBuildFile; fileRef = F439028A2CDEB4C800124D09 /* HomeView.swift */; };
		F4B706182CDCE38600DE2C3E /* TinyTribeApp.swift in Sources */ = {isa = PBXBuildFile; fileRef = F4B706172CDCE38600DE2C3E /* TinyTribeApp.swift */; };
		F4B7061A2CDCE38600DE2C3E /* GetStartedView.swift in Sources */ = {isa = PBXBuildFile; fileRef = F4B706192CDCE38600DE2C3E /* GetStartedView.swift */; };
		F4B7061C2CDCE38600DE2C3E /* Assets.xcassets in Resources */ = {isa = PBXBuildFile; fileRef = F4B7061B2CDCE38600DE2C3E /* Assets.xcassets */; };
		F4B7061F2CDCE38600DE2C3E /* Preview Assets.xcassets in Resources */ = {isa = PBXBuildFile; fileRef = F4B7061E2CDCE38600DE2C3E /* Preview Assets.xcassets */; };
		F4B706292CDCE38700DE2C3E /* TinyTribeTests.swift in Sources */ = {isa = PBXBuildFile; fileRef = F4B706282CDCE38700DE2C3E /* TinyTribeTests.swift */; };
		F4B706332CDCE38700DE2C3E /* TinyTribeUITests.swift in Sources */ = {isa = PBXBuildFile; fileRef = F4B706322CDCE38700DE2C3E /* TinyTribeUITests.swift */; };
		F4B706352CDCE38700DE2C3E /* TinyTribeUITestsLaunchTests.swift in Sources */ = {isa = PBXBuildFile; fileRef = F4B706342CDCE38700DE2C3E /* TinyTribeUITestsLaunchTests.swift */; };
		F4DEC7862CE7B9CF00BFFCFF /* SessionManager.swift in Sources */ = {isa = PBXBuildFile; fileRef = F4DEC7852CE7B9CF00BFFCFF /* SessionManager.swift */; };
		F4DEC78B2CE7C4B900BFFCFF /* RequestsView.swift in Sources */ = {isa = PBXBuildFile; fileRef = F4DEC78A2CE7C4B900BFFCFF /* RequestsView.swift */; };
		F4DEC78D2CE7C4CE00BFFCFF /* ProfileView.swift in Sources */ = {isa = PBXBuildFile; fileRef = F4DEC78C2CE7C4CE00BFFCFF /* ProfileView.swift */; };
		F4DEC7902CE7C61600BFFCFF /* Request.swift in Sources */ = {isa = PBXBuildFile; fileRef = F4DEC78F2CE7C61600BFFCFF /* Request.swift */; };
		F4DEC7922CE7C64A00BFFCFF /* Day.swift in Sources */ = {isa = PBXBuildFile; fileRef = F4DEC7912CE7C64A00BFFCFF /* Day.swift */; };
		F4DEC7942CE7DF6900BFFCFF /* CalendarView.swift in Sources */ = {isa = PBXBuildFile; fileRef = F4DEC7932CE7DF6900BFFCFF /* CalendarView.swift */; };
/* End PBXBuildFile section */

/* Begin PBXContainerItemProxy section */
		F4B706252CDCE38700DE2C3E /* PBXContainerItemProxy */ = {
			isa = PBXContainerItemProxy;
			containerPortal = F4B7060C2CDCE38600DE2C3E /* Project object */;
			proxyType = 1;
			remoteGlobalIDString = F4B706132CDCE38600DE2C3E;
			remoteInfo = TinyTribe;
		};
		F4B7062F2CDCE38700DE2C3E /* PBXContainerItemProxy */ = {
			isa = PBXContainerItemProxy;
			containerPortal = F4B7060C2CDCE38600DE2C3E /* Project object */;
			proxyType = 1;
			remoteGlobalIDString = F4B706132CDCE38600DE2C3E;
			remoteInfo = TinyTribe;
		};
/* End PBXContainerItemProxy section */

/* Begin PBXFileReference section */
		1F7A4313E6409A20A54C13CE /* Pods-TinyTribe.debug.xcconfig */ = {isa = PBXFileReference; includeInIndex = 1; lastKnownFileType = text.xcconfig; name = "Pods-TinyTribe.debug.xcconfig"; path = "Target Support Files/Pods-TinyTribe/Pods-TinyTribe.debug.xcconfig"; sourceTree = "<group>"; };
		25EFEB9E695321C154D11E32 /* Pods_TinyTribe.framework */ = {isa = PBXFileReference; explicitFileType = wrapper.framework; includeInIndex = 0; path = Pods_TinyTribe.framework; sourceTree = BUILT_PRODUCTS_DIR; };
		6118247C44EC53CDF1F70E82 /* Pods-TinyTribe.release.xcconfig */ = {isa = PBXFileReference; includeInIndex = 1; lastKnownFileType = text.xcconfig; name = "Pods-TinyTribe.release.xcconfig"; path = "Target Support Files/Pods-TinyTribe/Pods-TinyTribe.release.xcconfig"; sourceTree = "<group>"; };
		64A0FC9D4DCC160C78316642 /* Pods_TinyTribeTests.framework */ = {isa = PBXFileReference; explicitFileType = wrapper.framework; includeInIndex = 0; path = Pods_TinyTribeTests.framework; sourceTree = BUILT_PRODUCTS_DIR; };
		832BEF13BDA6537E4A3AED8C /* Pods-TinyTribeTests.debug.xcconfig */ = {isa = PBXFileReference; includeInIndex = 1; lastKnownFileType = text.xcconfig; name = "Pods-TinyTribeTests.debug.xcconfig"; path = "Target Support Files/Pods-TinyTribeTests/Pods-TinyTribeTests.debug.xcconfig"; sourceTree = "<group>"; };
		9D740D89D6CCA3999893993F /* Pods-TinyTribeTests.release.xcconfig */ = {isa = PBXFileReference; includeInIndex = 1; lastKnownFileType = text.xcconfig; name = "Pods-TinyTribeTests.release.xcconfig"; path = "Target Support Files/Pods-TinyTribeTests/Pods-TinyTribeTests.release.xcconfig"; sourceTree = "<group>"; };
		C7B9421B7CCCD5AC2BFDC87A /* Pods_TinyTribe_TinyTribeUITests.framework */ = {isa = PBXFileReference; explicitFileType = wrapper.framework; includeInIndex = 0; path = Pods_TinyTribe_TinyTribeUITests.framework; sourceTree = BUILT_PRODUCTS_DIR; };
		DB0F486DEF2399BC9AE42D25 /* Pods-TinyTribe-TinyTribeUITests.debug.xcconfig */ = {isa = PBXFileReference; includeInIndex = 1; lastKnownFileType = text.xcconfig; name = "Pods-TinyTribe-TinyTribeUITests.debug.xcconfig"; path = "Target Support Files/Pods-TinyTribe-TinyTribeUITests/Pods-TinyTribe-TinyTribeUITests.debug.xcconfig"; sourceTree = "<group>"; };
		DB5569056EE5E595964CC2BD /* Pods-TinyTribe-TinyTribeUITests.release.xcconfig */ = {isa = PBXFileReference; includeInIndex = 1; lastKnownFileType = text.xcconfig; name = "Pods-TinyTribe-TinyTribeUITests.release.xcconfig"; path = "Target Support Files/Pods-TinyTribe-TinyTribeUITests/Pods-TinyTribe-TinyTribeUITests.release.xcconfig"; sourceTree = "<group>"; };
		F406D26B2CDD1E9600F8F095 /* LoginView.swift */ = {isa = PBXFileReference; lastKnownFileType = sourcecode.swift; path = LoginView.swift; sourceTree = "<group>"; };
		F406D26E2CDD209000F8F095 /* RegisterView.swift */ = {isa = PBXFileReference; lastKnownFileType = sourcecode.swift; path = RegisterView.swift; sourceTree = "<group>"; };
		F41B7C4A2CDD4A5D005ABA17 /* CreateProfileView.swift */ = {isa = PBXFileReference; lastKnownFileType = sourcecode.swift; path = CreateProfileView.swift; sourceTree = "<group>"; };
		F41B7C4D2CDD4AA3005ABA17 /* ImagePicker.swift */ = {isa = PBXFileReference; lastKnownFileType = sourcecode.swift; path = ImagePicker.swift; sourceTree = "<group>"; };
		F4299F702CDCE9FC00776A1D /* ColorPalette.swift */ = {isa = PBXFileReference; lastKnownFileType = sourcecode.swift; path = ColorPalette.swift; sourceTree = "<group>"; };
		F43661962CEFC42D00896AD7 /* Invitee.swift */ = {isa = PBXFileReference; lastKnownFileType = sourcecode.swift; path = Invitee.swift; sourceTree = "<group>"; };
		F43661982CEFC4E100896AD7 /* Group.swift */ = {isa = PBXFileReference; lastKnownFileType = sourcecode.swift; path = Group.swift; sourceTree = "<group>"; };
		F436619A2CEFCC6C00896AD7 /* TinyTribe.entitlements */ = {isa = PBXFileReference; lastKnownFileType = text.plist.entitlements; path = TinyTribe.entitlements; sourceTree = "<group>"; };
		F436619B2CF0E3DF00896AD7 /* Info.plist */ = {isa = PBXFileReference; lastKnownFileType = text.plist; path = Info.plist; sourceTree = "<group>"; };
		F43902882CDD53D000124D09 /* GoogleService-Info.plist */ = {isa = PBXFileReference; fileEncoding = 4; lastKnownFileType = text.plist.xml; path = "GoogleService-Info.plist"; sourceTree = "<group>"; };
		F439028A2CDEB4C800124D09 /* HomeView.swift */ = {isa = PBXFileReference; lastKnownFileType = sourcecode.swift; path = HomeView.swift; sourceTree = "<group>"; };
		F4B706142CDCE38600DE2C3E /* TinyTribe.app */ = {isa = PBXFileReference; explicitFileType = wrapper.application; includeInIndex = 0; path = TinyTribe.app; sourceTree = BUILT_PRODUCTS_DIR; };
		F4B706172CDCE38600DE2C3E /* TinyTribeApp.swift */ = {isa = PBXFileReference; lastKnownFileType = sourcecode.swift; path = TinyTribeApp.swift; sourceTree = "<group>"; };
		F4B706192CDCE38600DE2C3E /* GetStartedView.swift */ = {isa = PBXFileReference; lastKnownFileType = sourcecode.swift; path = GetStartedView.swift; sourceTree = "<group>"; };
		F4B7061B2CDCE38600DE2C3E /* Assets.xcassets */ = {isa = PBXFileReference; lastKnownFileType = folder.assetcatalog; path = Assets.xcassets; sourceTree = "<group>"; };
		F4B7061E2CDCE38600DE2C3E /* Preview Assets.xcassets */ = {isa = PBXFileReference; lastKnownFileType = folder.assetcatalog; path = "Preview Assets.xcassets"; sourceTree = "<group>"; };
		F4B706242CDCE38700DE2C3E /* TinyTribeTests.xctest */ = {isa = PBXFileReference; explicitFileType = wrapper.cfbundle; includeInIndex = 0; path = TinyTribeTests.xctest; sourceTree = BUILT_PRODUCTS_DIR; };
		F4B706282CDCE38700DE2C3E /* TinyTribeTests.swift */ = {isa = PBXFileReference; lastKnownFileType = sourcecode.swift; path = TinyTribeTests.swift; sourceTree = "<group>"; };
		F4B7062E2CDCE38700DE2C3E /* TinyTribeUITests.xctest */ = {isa = PBXFileReference; explicitFileType = wrapper.cfbundle; includeInIndex = 0; path = TinyTribeUITests.xctest; sourceTree = BUILT_PRODUCTS_DIR; };
		F4B706322CDCE38700DE2C3E /* TinyTribeUITests.swift */ = {isa = PBXFileReference; lastKnownFileType = sourcecode.swift; path = TinyTribeUITests.swift; sourceTree = "<group>"; };
		F4B706342CDCE38700DE2C3E /* TinyTribeUITestsLaunchTests.swift */ = {isa = PBXFileReference; lastKnownFileType = sourcecode.swift; path = TinyTribeUITestsLaunchTests.swift; sourceTree = "<group>"; };
		F4DEC7852CE7B9CF00BFFCFF /* SessionManager.swift */ = {isa = PBXFileReference; lastKnownFileType = sourcecode.swift; path = SessionManager.swift; sourceTree = "<group>"; };
		F4DEC78A2CE7C4B900BFFCFF /* RequestsView.swift */ = {isa = PBXFileReference; lastKnownFileType = sourcecode.swift; path = RequestsView.swift; sourceTree = "<group>"; };
		F4DEC78C2CE7C4CE00BFFCFF /* ProfileView.swift */ = {isa = PBXFileReference; lastKnownFileType = sourcecode.swift; path = ProfileView.swift; sourceTree = "<group>"; };
		F4DEC78F2CE7C61600BFFCFF /* Request.swift */ = {isa = PBXFileReference; lastKnownFileType = sourcecode.swift; path = Request.swift; sourceTree = "<group>"; };
		F4DEC7912CE7C64A00BFFCFF /* Day.swift */ = {isa = PBXFileReference; lastKnownFileType = sourcecode.swift; path = Day.swift; sourceTree = "<group>"; };
		F4DEC7932CE7DF6900BFFCFF /* CalendarView.swift */ = {isa = PBXFileReference; lastKnownFileType = sourcecode.swift; path = CalendarView.swift; sourceTree = "<group>"; };
/* End PBXFileReference section */

/* Begin PBXFrameworksBuildPhase section */
		F4B706112CDCE38600DE2C3E /* Frameworks */ = {
			isa = PBXFrameworksBuildPhase;
			buildActionMask = 2147483647;
			files = (
				F1F405690166A7FEA910652E /* Pods_TinyTribe.framework in Frameworks */,
			);
			runOnlyForDeploymentPostprocessing = 0;
		};
		F4B706212CDCE38700DE2C3E /* Frameworks */ = {
			isa = PBXFrameworksBuildPhase;
			buildActionMask = 2147483647;
			files = (
				8BB03A8539168D438F628992 /* Pods_TinyTribeTests.framework in Frameworks */,
			);
			runOnlyForDeploymentPostprocessing = 0;
		};
		F4B7062B2CDCE38700DE2C3E /* Frameworks */ = {
			isa = PBXFrameworksBuildPhase;
			buildActionMask = 2147483647;
			files = (
				693A48FFD17414B856635A24 /* Pods_TinyTribe_TinyTribeUITests.framework in Frameworks */,
			);
			runOnlyForDeploymentPostprocessing = 0;
		};
/* End PBXFrameworksBuildPhase section */

/* Begin PBXGroup section */
		0B3B6CE1AA1D4D0E28D9CEBB /* Pods */ = {
			isa = PBXGroup;
			children = (
				1F7A4313E6409A20A54C13CE /* Pods-TinyTribe.debug.xcconfig */,
				6118247C44EC53CDF1F70E82 /* Pods-TinyTribe.release.xcconfig */,
				DB0F486DEF2399BC9AE42D25 /* Pods-TinyTribe-TinyTribeUITests.debug.xcconfig */,
				DB5569056EE5E595964CC2BD /* Pods-TinyTribe-TinyTribeUITests.release.xcconfig */,
				832BEF13BDA6537E4A3AED8C /* Pods-TinyTribeTests.debug.xcconfig */,
				9D740D89D6CCA3999893993F /* Pods-TinyTribeTests.release.xcconfig */,
			);
			path = Pods;
			sourceTree = "<group>";
		};
		29864AF2D1DA92E51D22DCEC /* Frameworks */ = {
			isa = PBXGroup;
			children = (
				25EFEB9E695321C154D11E32 /* Pods_TinyTribe.framework */,
				C7B9421B7CCCD5AC2BFDC87A /* Pods_TinyTribe_TinyTribeUITests.framework */,
				64A0FC9D4DCC160C78316642 /* Pods_TinyTribeTests.framework */,
			);
			name = Frameworks;
			sourceTree = "<group>";
		};
		F4005CA12CDCE84300CCAE78 /* Resources */ = {
			isa = PBXGroup;
			children = (
			);
			path = Resources;
			sourceTree = "<group>";
		};
		F406D26D2CDD208000F8F095 /* Onboarding */ = {
			isa = PBXGroup;
			children = (
				F406D26B2CDD1E9600F8F095 /* LoginView.swift */,
				F406D26E2CDD209000F8F095 /* RegisterView.swift */,
				F41B7C4A2CDD4A5D005ABA17 /* CreateProfileView.swift */,
			);
			path = Onboarding;
			sourceTree = "<group>";
		};
		F41B7C4C2CDD4A94005ABA17 /* Utilities */ = {
			isa = PBXGroup;
			children = (
				F4299F702CDCE9FC00776A1D /* ColorPalette.swift */,
				F41B7C4D2CDD4AA3005ABA17 /* ImagePicker.swift */,
			);
			path = Utilities;
			sourceTree = "<group>";
		};
		F4B7060B2CDCE38600DE2C3E = {
			isa = PBXGroup;
			children = (
				F43902882CDD53D000124D09 /* GoogleService-Info.plist */,
				F4B706162CDCE38600DE2C3E /* TinyTribe */,
				F4B706272CDCE38700DE2C3E /* TinyTribeTests */,
				F4B706312CDCE38700DE2C3E /* TinyTribeUITests */,
				F4B706152CDCE38600DE2C3E /* Products */,
				0B3B6CE1AA1D4D0E28D9CEBB /* Pods */,
				29864AF2D1DA92E51D22DCEC /* Frameworks */,
			);
			sourceTree = "<group>";
		};
		F4B706152CDCE38600DE2C3E /* Products */ = {
			isa = PBXGroup;
			children = (
				F4B706142CDCE38600DE2C3E /* TinyTribe.app */,
				F4B706242CDCE38700DE2C3E /* TinyTribeTests.xctest */,
				F4B7062E2CDCE38700DE2C3E /* TinyTribeUITests.xctest */,
			);
			name = Products;
			sourceTree = "<group>";
		};
		F4B706162CDCE38600DE2C3E /* TinyTribe */ = {
			isa = PBXGroup;
			children = (
				F436619B2CF0E3DF00896AD7 /* Info.plist */,
				F436619A2CEFCC6C00896AD7 /* TinyTribe.entitlements */,
				F4DEC78E2CE7C60E00BFFCFF /* Model */,
				F4DEC7872CE7C45C00BFFCFF /* Main */,
				F4DEC7832CE7B9AC00BFFCFF /* Core */,
				F41B7C4C2CDD4A94005ABA17 /* Utilities */,
				F406D26D2CDD208000F8F095 /* Onboarding */,
				F4005CA12CDCE84300CCAE78 /* Resources */,
				F4B706172CDCE38600DE2C3E /* TinyTribeApp.swift */,
				F4B706192CDCE38600DE2C3E /* GetStartedView.swift */,
				F4B7061B2CDCE38600DE2C3E /* Assets.xcassets */,
				F4B7061D2CDCE38600DE2C3E /* Preview Content */,
			);
			path = TinyTribe;
			sourceTree = "<group>";
		};
		F4B7061D2CDCE38600DE2C3E /* Preview Content */ = {
			isa = PBXGroup;
			children = (
				F4B7061E2CDCE38600DE2C3E /* Preview Assets.xcassets */,
			);
			path = "Preview Content";
			sourceTree = "<group>";
		};
		F4B706272CDCE38700DE2C3E /* TinyTribeTests */ = {
			isa = PBXGroup;
			children = (
				F4B706282CDCE38700DE2C3E /* TinyTribeTests.swift */,
			);
			path = TinyTribeTests;
			sourceTree = "<group>";
		};
		F4B706312CDCE38700DE2C3E /* TinyTribeUITests */ = {
			isa = PBXGroup;
			children = (
				F4B706322CDCE38700DE2C3E /* TinyTribeUITests.swift */,
				F4B706342CDCE38700DE2C3E /* TinyTribeUITestsLaunchTests.swift */,
			);
			path = TinyTribeUITests;
			sourceTree = "<group>";
		};
		F4DEC7832CE7B9AC00BFFCFF /* Core */ = {
			isa = PBXGroup;
			children = (
				F4DEC7842CE7B9B100BFFCFF /* Managers */,
			);
			path = Core;
			sourceTree = "<group>";
		};
		F4DEC7842CE7B9B100BFFCFF /* Managers */ = {
			isa = PBXGroup;
			children = (
				F4DEC7852CE7B9CF00BFFCFF /* SessionManager.swift */,
			);
			path = Managers;
			sourceTree = "<group>";
		};
		F4DEC7872CE7C45C00BFFCFF /* Main */ = {
			isa = PBXGroup;
			children = (
				F439028A2CDEB4C800124D09 /* HomeView.swift */,
				F4DEC78A2CE7C4B900BFFCFF /* RequestsView.swift */,
				F4DEC78C2CE7C4CE00BFFCFF /* ProfileView.swift */,
				F4DEC7932CE7DF6900BFFCFF /* CalendarView.swift */,
			);
			path = Main;
			sourceTree = "<group>";
		};
		F4DEC78E2CE7C60E00BFFCFF /* Model */ = {
			isa = PBXGroup;
			children = (
				F4DEC78F2CE7C61600BFFCFF /* Request.swift */,
				F4DEC7912CE7C64A00BFFCFF /* Day.swift */,
				F43661962CEFC42D00896AD7 /* Invitee.swift */,
				F43661982CEFC4E100896AD7 /* Group.swift */,
			);
			path = Model;
			sourceTree = "<group>";
		};
/* End PBXGroup section */

/* Begin PBXNativeTarget section */
		F4B706132CDCE38600DE2C3E /* TinyTribe */ = {
			isa = PBXNativeTarget;
			buildConfigurationList = F4B706382CDCE38700DE2C3E /* Build configuration list for PBXNativeTarget "TinyTribe" */;
			buildPhases = (
				D22B319C56A838361A282B88 /* [CP] Check Pods Manifest.lock */,
				F4B706102CDCE38600DE2C3E /* Sources */,
				F4B706112CDCE38600DE2C3E /* Frameworks */,
				F4B706122CDCE38600DE2C3E /* Resources */,
				4BDE67C27983DEBDFA9C3370 /* [CP] Embed Pods Frameworks */,
			);
			buildRules = (
			);
			dependencies = (
			);
			name = TinyTribe;
			productName = TinyTribe;
			productReference = F4B706142CDCE38600DE2C3E /* TinyTribe.app */;
			productType = "com.apple.product-type.application";
		};
		F4B706232CDCE38700DE2C3E /* TinyTribeTests */ = {
			isa = PBXNativeTarget;
			buildConfigurationList = F4B7063B2CDCE38700DE2C3E /* Build configuration list for PBXNativeTarget "TinyTribeTests" */;
			buildPhases = (
				CFE2FB3FED9C03761185A383 /* [CP] Check Pods Manifest.lock */,
				F4B706202CDCE38700DE2C3E /* Sources */,
				F4B706212CDCE38700DE2C3E /* Frameworks */,
				F4B706222CDCE38700DE2C3E /* Resources */,
			);
			buildRules = (
			);
			dependencies = (
				F4B706262CDCE38700DE2C3E /* PBXTargetDependency */,
			);
			name = TinyTribeTests;
			productName = TinyTribeTests;
			productReference = F4B706242CDCE38700DE2C3E /* TinyTribeTests.xctest */;
			productType = "com.apple.product-type.bundle.unit-test";
		};
		F4B7062D2CDCE38700DE2C3E /* TinyTribeUITests */ = {
			isa = PBXNativeTarget;
			buildConfigurationList = F4B7063E2CDCE38700DE2C3E /* Build configuration list for PBXNativeTarget "TinyTribeUITests" */;
			buildPhases = (
				17F0EA88AE56CC83AC00B408 /* [CP] Check Pods Manifest.lock */,
				F4B7062A2CDCE38700DE2C3E /* Sources */,
				F4B7062B2CDCE38700DE2C3E /* Frameworks */,
				F4B7062C2CDCE38700DE2C3E /* Resources */,
				FA5A6CBD5F28AB82B152B9B3 /* [CP] Embed Pods Frameworks */,
			);
			buildRules = (
			);
			dependencies = (
				F4B706302CDCE38700DE2C3E /* PBXTargetDependency */,
			);
			name = TinyTribeUITests;
			productName = TinyTribeUITests;
			productReference = F4B7062E2CDCE38700DE2C3E /* TinyTribeUITests.xctest */;
			productType = "com.apple.product-type.bundle.ui-testing";
		};
/* End PBXNativeTarget section */

/* Begin PBXProject section */
		F4B7060C2CDCE38600DE2C3E /* Project object */ = {
			isa = PBXProject;
			attributes = {
				BuildIndependentTargetsInParallel = 1;
				LastSwiftUpdateCheck = 1540;
				LastUpgradeCheck = 1540;
				TargetAttributes = {
					F4B706132CDCE38600DE2C3E = {
						CreatedOnToolsVersion = 15.4;
					};
					F4B706232CDCE38700DE2C3E = {
						CreatedOnToolsVersion = 15.4;
						TestTargetID = F4B706132CDCE38600DE2C3E;
					};
					F4B7062D2CDCE38700DE2C3E = {
						CreatedOnToolsVersion = 15.4;
						TestTargetID = F4B706132CDCE38600DE2C3E;
					};
				};
			};
			buildConfigurationList = F4B7060F2CDCE38600DE2C3E /* Build configuration list for PBXProject "TinyTribe" */;
			compatibilityVersion = "Xcode 14.0";
			developmentRegion = en;
			hasScannedForEncodings = 0;
			knownRegions = (
				en,
				Base,
			);
			mainGroup = F4B7060B2CDCE38600DE2C3E;
			productRefGroup = F4B706152CDCE38600DE2C3E /* Products */;
			projectDirPath = "";
			projectRoot = "";
			targets = (
				F4B706132CDCE38600DE2C3E /* TinyTribe */,
				F4B706232CDCE38700DE2C3E /* TinyTribeTests */,
				F4B7062D2CDCE38700DE2C3E /* TinyTribeUITests */,
			);
		};
/* End PBXProject section */

/* Begin PBXResourcesBuildPhase section */
		F4B706122CDCE38600DE2C3E /* Resources */ = {
			isa = PBXResourcesBuildPhase;
			buildActionMask = 2147483647;
			files = (
				F4B7061F2CDCE38600DE2C3E /* Preview Assets.xcassets in Resources */,
				F43902892CDD53D000124D09 /* GoogleService-Info.plist in Resources */,
				F4B7061C2CDCE38600DE2C3E /* Assets.xcassets in Resources */,
			);
			runOnlyForDeploymentPostprocessing = 0;
		};
		F4B706222CDCE38700DE2C3E /* Resources */ = {
			isa = PBXResourcesBuildPhase;
			buildActionMask = 2147483647;
			files = (
			);
			runOnlyForDeploymentPostprocessing = 0;
		};
		F4B7062C2CDCE38700DE2C3E /* Resources */ = {
			isa = PBXResourcesBuildPhase;
			buildActionMask = 2147483647;
			files = (
			);
			runOnlyForDeploymentPostprocessing = 0;
		};
/* End PBXResourcesBuildPhase section */

/* Begin PBXShellScriptBuildPhase section */
		17F0EA88AE56CC83AC00B408 /* [CP] Check Pods Manifest.lock */ = {
			isa = PBXShellScriptBuildPhase;
			buildActionMask = 2147483647;
			files = (
			);
			inputFileListPaths = (
			);
			inputPaths = (
				"${PODS_PODFILE_DIR_PATH}/Podfile.lock",
				"${PODS_ROOT}/Manifest.lock",
			);
			name = "[CP] Check Pods Manifest.lock";
			outputFileListPaths = (
			);
			outputPaths = (
				"$(DERIVED_FILE_DIR)/Pods-TinyTribe-TinyTribeUITests-checkManifestLockResult.txt",
			);
			runOnlyForDeploymentPostprocessing = 0;
			shellPath = /bin/sh;
			shellScript = "diff \"${PODS_PODFILE_DIR_PATH}/Podfile.lock\" \"${PODS_ROOT}/Manifest.lock\" > /dev/null\nif [ $? != 0 ] ; then\n    # print error to STDERR\n    echo \"error: The sandbox is not in sync with the Podfile.lock. Run 'pod install' or update your CocoaPods installation.\" >&2\n    exit 1\nfi\n# This output is used by Xcode 'outputs' to avoid re-running this script phase.\necho \"SUCCESS\" > \"${SCRIPT_OUTPUT_FILE_0}\"\n";
			showEnvVarsInLog = 0;
		};
		4BDE67C27983DEBDFA9C3370 /* [CP] Embed Pods Frameworks */ = {
			isa = PBXShellScriptBuildPhase;
			buildActionMask = 2147483647;
			files = (
			);
			inputFileListPaths = (
				"${PODS_ROOT}/Target Support Files/Pods-TinyTribe/Pods-TinyTribe-frameworks-${CONFIGURATION}-input-files.xcfilelist",
			);
			name = "[CP] Embed Pods Frameworks";
			outputFileListPaths = (
				"${PODS_ROOT}/Target Support Files/Pods-TinyTribe/Pods-TinyTribe-frameworks-${CONFIGURATION}-output-files.xcfilelist",
			);
			runOnlyForDeploymentPostprocessing = 0;
			shellPath = /bin/sh;
			shellScript = "\"${PODS_ROOT}/Target Support Files/Pods-TinyTribe/Pods-TinyTribe-frameworks.sh\"\n";
			showEnvVarsInLog = 0;
		};
		CFE2FB3FED9C03761185A383 /* [CP] Check Pods Manifest.lock */ = {
			isa = PBXShellScriptBuildPhase;
			buildActionMask = 2147483647;
			files = (
			);
			inputFileListPaths = (
			);
			inputPaths = (
				"${PODS_PODFILE_DIR_PATH}/Podfile.lock",
				"${PODS_ROOT}/Manifest.lock",
			);
			name = "[CP] Check Pods Manifest.lock";
			outputFileListPaths = (
			);
			outputPaths = (
				"$(DERIVED_FILE_DIR)/Pods-TinyTribeTests-checkManifestLockResult.txt",
			);
			runOnlyForDeploymentPostprocessing = 0;
			shellPath = /bin/sh;
			shellScript = "diff \"${PODS_PODFILE_DIR_PATH}/Podfile.lock\" \"${PODS_ROOT}/Manifest.lock\" > /dev/null\nif [ $? != 0 ] ; then\n    # print error to STDERR\n    echo \"error: The sandbox is not in sync with the Podfile.lock. Run 'pod install' or update your CocoaPods installation.\" >&2\n    exit 1\nfi\n# This output is used by Xcode 'outputs' to avoid re-running this script phase.\necho \"SUCCESS\" > \"${SCRIPT_OUTPUT_FILE_0}\"\n";
			showEnvVarsInLog = 0;
		};
		D22B319C56A838361A282B88 /* [CP] Check Pods Manifest.lock */ = {
			isa = PBXShellScriptBuildPhase;
			buildActionMask = 2147483647;
			files = (
			);
			inputFileListPaths = (
			);
			inputPaths = (
				"${PODS_PODFILE_DIR_PATH}/Podfile.lock",
				"${PODS_ROOT}/Manifest.lock",
			);
			name = "[CP] Check Pods Manifest.lock";
			outputFileListPaths = (
			);
			outputPaths = (
				"$(DERIVED_FILE_DIR)/Pods-TinyTribe-checkManifestLockResult.txt",
			);
			runOnlyForDeploymentPostprocessing = 0;
			shellPath = /bin/sh;
			shellScript = "diff \"${PODS_PODFILE_DIR_PATH}/Podfile.lock\" \"${PODS_ROOT}/Manifest.lock\" > /dev/null\nif [ $? != 0 ] ; then\n    # print error to STDERR\n    echo \"error: The sandbox is not in sync with the Podfile.lock. Run 'pod install' or update your CocoaPods installation.\" >&2\n    exit 1\nfi\n# This output is used by Xcode 'outputs' to avoid re-running this script phase.\necho \"SUCCESS\" > \"${SCRIPT_OUTPUT_FILE_0}\"\n";
			showEnvVarsInLog = 0;
		};
		FA5A6CBD5F28AB82B152B9B3 /* [CP] Embed Pods Frameworks */ = {
			isa = PBXShellScriptBuildPhase;
			buildActionMask = 2147483647;
			files = (
			);
			inputFileListPaths = (
				"${PODS_ROOT}/Target Support Files/Pods-TinyTribe-TinyTribeUITests/Pods-TinyTribe-TinyTribeUITests-frameworks-${CONFIGURATION}-input-files.xcfilelist",
			);
			name = "[CP] Embed Pods Frameworks";
			outputFileListPaths = (
				"${PODS_ROOT}/Target Support Files/Pods-TinyTribe-TinyTribeUITests/Pods-TinyTribe-TinyTribeUITests-frameworks-${CONFIGURATION}-output-files.xcfilelist",
			);
			runOnlyForDeploymentPostprocessing = 0;
			shellPath = /bin/sh;
			shellScript = "\"${PODS_ROOT}/Target Support Files/Pods-TinyTribe-TinyTribeUITests/Pods-TinyTribe-TinyTribeUITests-frameworks.sh\"\n";
			showEnvVarsInLog = 0;
		};
/* End PBXShellScriptBuildPhase section */

/* Begin PBXSourcesBuildPhase section */
		F4B706102CDCE38600DE2C3E /* Sources */ = {
			isa = PBXSourcesBuildPhase;
			buildActionMask = 2147483647;
			files = (
				F4DEC7922CE7C64A00BFFCFF /* Day.swift in Sources */,
				F4DEC78B2CE7C4B900BFFCFF /* RequestsView.swift in Sources */,
				F4DEC7902CE7C61600BFFCFF /* Request.swift in Sources */,
				F43661992CEFC4E100896AD7 /* Group.swift in Sources */,
				F41B7C4B2CDD4A5D005ABA17 /* CreateProfileView.swift in Sources */,
				F4B7061A2CDCE38600DE2C3E /* GetStartedView.swift in Sources */,
				F406D26F2CDD209000F8F095 /* RegisterView.swift in Sources */,
				F4DEC78D2CE7C4CE00BFFCFF /* ProfileView.swift in Sources */,
				F41B7C4E2CDD4AA3005ABA17 /* ImagePicker.swift in Sources */,
				F4DEC7942CE7DF6900BFFCFF /* CalendarView.swift in Sources */,
				F4B706182CDCE38600DE2C3E /* TinyTribeApp.swift in Sources */,
				F43661972CEFC42D00896AD7 /* Invitee.swift in Sources */,
				F439028B2CDEB4C800124D09 /* HomeView.swift in Sources */,
				F406D26C2CDD1E9600F8F095 /* LoginView.swift in Sources */,
				F4DEC7862CE7B9CF00BFFCFF /* SessionManager.swift in Sources */,
				F4299F712CDCE9FC00776A1D /* ColorPalette.swift in Sources */,
			);
			runOnlyForDeploymentPostprocessing = 0;
		};
		F4B706202CDCE38700DE2C3E /* Sources */ = {
			isa = PBXSourcesBuildPhase;
			buildActionMask = 2147483647;
			files = (
				F4B706292CDCE38700DE2C3E /* TinyTribeTests.swift in Sources */,
			);
			runOnlyForDeploymentPostprocessing = 0;
		};
		F4B7062A2CDCE38700DE2C3E /* Sources */ = {
			isa = PBXSourcesBuildPhase;
			buildActionMask = 2147483647;
			files = (
				F4B706332CDCE38700DE2C3E /* TinyTribeUITests.swift in Sources */,
				F4B706352CDCE38700DE2C3E /* TinyTribeUITestsLaunchTests.swift in Sources */,
			);
			runOnlyForDeploymentPostprocessing = 0;
		};
/* End PBXSourcesBuildPhase section */

/* Begin PBXTargetDependency section */
		F4B706262CDCE38700DE2C3E /* PBXTargetDependency */ = {
			isa = PBXTargetDependency;
			target = F4B706132CDCE38600DE2C3E /* TinyTribe */;
			targetProxy = F4B706252CDCE38700DE2C3E /* PBXContainerItemProxy */;
		};
		F4B706302CDCE38700DE2C3E /* PBXTargetDependency */ = {
			isa = PBXTargetDependency;
			target = F4B706132CDCE38600DE2C3E /* TinyTribe */;
			targetProxy = F4B7062F2CDCE38700DE2C3E /* PBXContainerItemProxy */;
		};
/* End PBXTargetDependency section */

/* Begin XCBuildConfiguration section */
		F4B706362CDCE38700DE2C3E /* Debug */ = {
			isa = XCBuildConfiguration;
			buildSettings = {
				ALWAYS_SEARCH_USER_PATHS = NO;
				ASSETCATALOG_COMPILER_GENERATE_SWIFT_ASSET_SYMBOL_EXTENSIONS = YES;
				CLANG_ANALYZER_NONNULL = YES;
				CLANG_ANALYZER_NUMBER_OBJECT_CONVERSION = YES_AGGRESSIVE;
				CLANG_CXX_LANGUAGE_STANDARD = "gnu++20";
				CLANG_ENABLE_MODULES = YES;
				CLANG_ENABLE_OBJC_ARC = YES;
				CLANG_ENABLE_OBJC_WEAK = YES;
				CLANG_WARN_BLOCK_CAPTURE_AUTORELEASING = YES;
				CLANG_WARN_BOOL_CONVERSION = YES;
				CLANG_WARN_COMMA = YES;
				CLANG_WARN_CONSTANT_CONVERSION = YES;
				CLANG_WARN_DEPRECATED_OBJC_IMPLEMENTATIONS = YES;
				CLANG_WARN_DIRECT_OBJC_ISA_USAGE = YES_ERROR;
				CLANG_WARN_DOCUMENTATION_COMMENTS = YES;
				CLANG_WARN_EMPTY_BODY = YES;
				CLANG_WARN_ENUM_CONVERSION = YES;
				CLANG_WARN_INFINITE_RECURSION = YES;
				CLANG_WARN_INT_CONVERSION = YES;
				CLANG_WARN_NON_LITERAL_NULL_CONVERSION = YES;
				CLANG_WARN_OBJC_IMPLICIT_RETAIN_SELF = YES;
				CLANG_WARN_OBJC_LITERAL_CONVERSION = YES;
				CLANG_WARN_OBJC_ROOT_CLASS = YES_ERROR;
				CLANG_WARN_QUOTED_INCLUDE_IN_FRAMEWORK_HEADER = YES;
				CLANG_WARN_RANGE_LOOP_ANALYSIS = YES;
				CLANG_WARN_STRICT_PROTOTYPES = YES;
				CLANG_WARN_SUSPICIOUS_MOVE = YES;
				CLANG_WARN_UNGUARDED_AVAILABILITY = YES_AGGRESSIVE;
				CLANG_WARN_UNREACHABLE_CODE = YES;
				CLANG_WARN__DUPLICATE_METHOD_MATCH = YES;
				COPY_PHASE_STRIP = NO;
				DEBUG_INFORMATION_FORMAT = dwarf;
				ENABLE_STRICT_OBJC_MSGSEND = YES;
				ENABLE_TESTABILITY = YES;
				ENABLE_USER_SCRIPT_SANDBOXING = NO;
				GCC_C_LANGUAGE_STANDARD = gnu17;
				GCC_DYNAMIC_NO_PIC = NO;
				GCC_NO_COMMON_BLOCKS = YES;
				GCC_OPTIMIZATION_LEVEL = 0;
				GCC_PREPROCESSOR_DEFINITIONS = (
					"DEBUG=1",
					"$(inherited)",
				);
				GCC_WARN_64_TO_32_BIT_CONVERSION = YES;
				GCC_WARN_ABOUT_RETURN_TYPE = YES_ERROR;
				GCC_WARN_UNDECLARED_SELECTOR = YES;
				GCC_WARN_UNINITIALIZED_AUTOS = YES_AGGRESSIVE;
				GCC_WARN_UNUSED_FUNCTION = YES;
				GCC_WARN_UNUSED_VARIABLE = YES;
				IPHONEOS_DEPLOYMENT_TARGET = 17.5;
				LOCALIZATION_PREFERS_STRING_CATALOGS = YES;
				MTL_ENABLE_DEBUG_INFO = INCLUDE_SOURCE;
				MTL_FAST_MATH = YES;
				ONLY_ACTIVE_ARCH = YES;
				SDKROOT = iphoneos;
				SWIFT_ACTIVE_COMPILATION_CONDITIONS = "DEBUG $(inherited)";
				SWIFT_OPTIMIZATION_LEVEL = "-Onone";
			};
			name = Debug;
		};
		F4B706372CDCE38700DE2C3E /* Release */ = {
			isa = XCBuildConfiguration;
			buildSettings = {
				ALWAYS_SEARCH_USER_PATHS = NO;
				ASSETCATALOG_COMPILER_GENERATE_SWIFT_ASSET_SYMBOL_EXTENSIONS = YES;
				CLANG_ANALYZER_NONNULL = YES;
				CLANG_ANALYZER_NUMBER_OBJECT_CONVERSION = YES_AGGRESSIVE;
				CLANG_CXX_LANGUAGE_STANDARD = "gnu++20";
				CLANG_ENABLE_MODULES = YES;
				CLANG_ENABLE_OBJC_ARC = YES;
				CLANG_ENABLE_OBJC_WEAK = YES;
				CLANG_WARN_BLOCK_CAPTURE_AUTORELEASING = YES;
				CLANG_WARN_BOOL_CONVERSION = YES;
				CLANG_WARN_COMMA = YES;
				CLANG_WARN_CONSTANT_CONVERSION = YES;
				CLANG_WARN_DEPRECATED_OBJC_IMPLEMENTATIONS = YES;
				CLANG_WARN_DIRECT_OBJC_ISA_USAGE = YES_ERROR;
				CLANG_WARN_DOCUMENTATION_COMMENTS = YES;
				CLANG_WARN_EMPTY_BODY = YES;
				CLANG_WARN_ENUM_CONVERSION = YES;
				CLANG_WARN_INFINITE_RECURSION = YES;
				CLANG_WARN_INT_CONVERSION = YES;
				CLANG_WARN_NON_LITERAL_NULL_CONVERSION = YES;
				CLANG_WARN_OBJC_IMPLICIT_RETAIN_SELF = YES;
				CLANG_WARN_OBJC_LITERAL_CONVERSION = YES;
				CLANG_WARN_OBJC_ROOT_CLASS = YES_ERROR;
				CLANG_WARN_QUOTED_INCLUDE_IN_FRAMEWORK_HEADER = YES;
				CLANG_WARN_RANGE_LOOP_ANALYSIS = YES;
				CLANG_WARN_STRICT_PROTOTYPES = YES;
				CLANG_WARN_SUSPICIOUS_MOVE = YES;
				CLANG_WARN_UNGUARDED_AVAILABILITY = YES_AGGRESSIVE;
				CLANG_WARN_UNREACHABLE_CODE = YES;
				CLANG_WARN__DUPLICATE_METHOD_MATCH = YES;
				COPY_PHASE_STRIP = NO;
				DEBUG_INFORMATION_FORMAT = "dwarf-with-dsym";
				ENABLE_NS_ASSERTIONS = NO;
				ENABLE_STRICT_OBJC_MSGSEND = YES;
				ENABLE_USER_SCRIPT_SANDBOXING = NO;
				GCC_C_LANGUAGE_STANDARD = gnu17;
				GCC_NO_COMMON_BLOCKS = YES;
				GCC_WARN_64_TO_32_BIT_CONVERSION = YES;
				GCC_WARN_ABOUT_RETURN_TYPE = YES_ERROR;
				GCC_WARN_UNDECLARED_SELECTOR = YES;
				GCC_WARN_UNINITIALIZED_AUTOS = YES_AGGRESSIVE;
				GCC_WARN_UNUSED_FUNCTION = YES;
				GCC_WARN_UNUSED_VARIABLE = YES;
				IPHONEOS_DEPLOYMENT_TARGET = 17.5;
				LOCALIZATION_PREFERS_STRING_CATALOGS = YES;
				MTL_ENABLE_DEBUG_INFO = NO;
				MTL_FAST_MATH = YES;
				SDKROOT = iphoneos;
				SWIFT_COMPILATION_MODE = wholemodule;
				VALIDATE_PRODUCT = YES;
			};
			name = Release;
		};
		F4B706392CDCE38700DE2C3E /* Debug */ = {
			isa = XCBuildConfiguration;
			baseConfigurationReference = 1F7A4313E6409A20A54C13CE /* Pods-TinyTribe.debug.xcconfig */;
			buildSettings = {
				ASSETCATALOG_COMPILER_APPICON_NAME = AppIcon;
				ASSETCATALOG_COMPILER_GLOBAL_ACCENT_COLOR_NAME = AccentColor;
				CODE_SIGN_ENTITLEMENTS = TinyTribe/TinyTribe.entitlements;
				CODE_SIGN_STYLE = Automatic;
				CURRENT_PROJECT_VERSION = 1;
				DEVELOPMENT_ASSET_PATHS = "\"TinyTribe/Preview Content\"";
				DEVELOPMENT_TEAM = MKQ72X65MR;
				ENABLE_PREVIEWS = YES;
				GENERATE_INFOPLIST_FILE = YES;
				INFOPLIST_FILE = TinyTribe/Info.plist;
				INFOPLIST_KEY_UIApplicationSceneManifest_Generation = YES;
				INFOPLIST_KEY_UIApplicationSupportsIndirectInputEvents = YES;
				INFOPLIST_KEY_UILaunchScreen_Generation = YES;
				INFOPLIST_KEY_UISupportedInterfaceOrientations_iPad = "UIInterfaceOrientationPortrait UIInterfaceOrientationPortraitUpsideDown UIInterfaceOrientationLandscapeLeft UIInterfaceOrientationLandscapeRight";
				INFOPLIST_KEY_UISupportedInterfaceOrientations_iPhone = "UIInterfaceOrientationPortrait UIInterfaceOrientationLandscapeLeft UIInterfaceOrientationLandscapeRight";
				LD_RUNPATH_SEARCH_PATHS = (
					"$(inherited)",
					"@executable_path/Frameworks",
				);
				MARKETING_VERSION = 1.0;
				PRODUCT_BUNDLE_IDENTIFIER = com.mimosa.tinytribe;
				PRODUCT_NAME = "$(TARGET_NAME)";
				SWIFT_EMIT_LOC_STRINGS = YES;
				SWIFT_VERSION = 5.0;
				TARGETED_DEVICE_FAMILY = "1,2";
			};
			name = Debug;
		};
		F4B7063A2CDCE38700DE2C3E /* Release */ = {
			isa = XCBuildConfiguration;
			baseConfigurationReference = 6118247C44EC53CDF1F70E82 /* Pods-TinyTribe.release.xcconfig */;
			buildSettings = {
				ASSETCATALOG_COMPILER_APPICON_NAME = AppIcon;
				ASSETCATALOG_COMPILER_GLOBAL_ACCENT_COLOR_NAME = AccentColor;
				CODE_SIGN_ENTITLEMENTS = TinyTribe/TinyTribe.entitlements;
				CODE_SIGN_STYLE = Automatic;
				CURRENT_PROJECT_VERSION = 1;
				DEVELOPMENT_ASSET_PATHS = "\"TinyTribe/Preview Content\"";
				DEVELOPMENT_TEAM = MKQ72X65MR;
				ENABLE_PREVIEWS = YES;
				GENERATE_INFOPLIST_FILE = YES;
				INFOPLIST_FILE = TinyTribe/Info.plist;
				INFOPLIST_KEY_UIApplicationSceneManifest_Generation = YES;
				INFOPLIST_KEY_UIApplicationSupportsIndirectInputEvents = YES;
				INFOPLIST_KEY_UILaunchScreen_Generation = YES;
				INFOPLIST_KEY_UISupportedInterfaceOrientations_iPad = "UIInterfaceOrientationPortrait UIInterfaceOrientationPortraitUpsideDown UIInterfaceOrientationLandscapeLeft UIInterfaceOrientationLandscapeRight";
				INFOPLIST_KEY_UISupportedInterfaceOrientations_iPhone = "UIInterfaceOrientationPortrait UIInterfaceOrientationLandscapeLeft UIInterfaceOrientationLandscapeRight";
				LD_RUNPATH_SEARCH_PATHS = (
					"$(inherited)",
					"@executable_path/Frameworks",
				);
				MARKETING_VERSION = 1.0;
				PRODUCT_BUNDLE_IDENTIFIER = com.mimosa.tinytribe;
				PRODUCT_NAME = "$(TARGET_NAME)";
				SWIFT_EMIT_LOC_STRINGS = YES;
				SWIFT_VERSION = 5.0;
				TARGETED_DEVICE_FAMILY = "1,2";
			};
			name = Release;
		};
		F4B7063C2CDCE38700DE2C3E /* Debug */ = {
			isa = XCBuildConfiguration;
			baseConfigurationReference = 832BEF13BDA6537E4A3AED8C /* Pods-TinyTribeTests.debug.xcconfig */;
			buildSettings = {
				ALWAYS_EMBED_SWIFT_STANDARD_LIBRARIES = YES;
				BUNDLE_LOADER = "$(TEST_HOST)";
				CODE_SIGN_STYLE = Automatic;
				CURRENT_PROJECT_VERSION = 1;
				DEVELOPMENT_TEAM = MKQ72X65MR;
				GENERATE_INFOPLIST_FILE = YES;
				IPHONEOS_DEPLOYMENT_TARGET = 17.5;
				MARKETING_VERSION = 1.0;
				PRODUCT_BUNDLE_IDENTIFIER = com.mimosa.TinyTribeTests;
				PRODUCT_NAME = "$(TARGET_NAME)";
				SWIFT_EMIT_LOC_STRINGS = NO;
				SWIFT_VERSION = 5.0;
				TARGETED_DEVICE_FAMILY = "1,2";
				TEST_HOST = "$(BUILT_PRODUCTS_DIR)/TinyTribe.app/$(BUNDLE_EXECUTABLE_FOLDER_PATH)/TinyTribe";
			};
			name = Debug;
		};
		F4B7063D2CDCE38700DE2C3E /* Release */ = {
			isa = XCBuildConfiguration;
			baseConfigurationReference = 9D740D89D6CCA3999893993F /* Pods-TinyTribeTests.release.xcconfig */;
			buildSettings = {
				ALWAYS_EMBED_SWIFT_STANDARD_LIBRARIES = YES;
				BUNDLE_LOADER = "$(TEST_HOST)";
				CODE_SIGN_STYLE = Automatic;
				CURRENT_PROJECT_VERSION = 1;
				DEVELOPMENT_TEAM = MKQ72X65MR;
				GENERATE_INFOPLIST_FILE = YES;
				IPHONEOS_DEPLOYMENT_TARGET = 17.5;
				MARKETING_VERSION = 1.0;
				PRODUCT_BUNDLE_IDENTIFIER = com.mimosa.TinyTribeTests;
				PRODUCT_NAME = "$(TARGET_NAME)";
				SWIFT_EMIT_LOC_STRINGS = NO;
				SWIFT_VERSION = 5.0;
				TARGETED_DEVICE_FAMILY = "1,2";
				TEST_HOST = "$(BUILT_PRODUCTS_DIR)/TinyTribe.app/$(BUNDLE_EXECUTABLE_FOLDER_PATH)/TinyTribe";
			};
			name = Release;
		};
		F4B7063F2CDCE38700DE2C3E /* Debug */ = {
			isa = XCBuildConfiguration;
			baseConfigurationReference = DB0F486DEF2399BC9AE42D25 /* Pods-TinyTribe-TinyTribeUITests.debug.xcconfig */;
			buildSettings = {
				ALWAYS_EMBED_SWIFT_STANDARD_LIBRARIES = YES;
				CODE_SIGN_STYLE = Automatic;
				CURRENT_PROJECT_VERSION = 1;
				DEVELOPMENT_TEAM = MKQ72X65MR;
				GENERATE_INFOPLIST_FILE = YES;
				MARKETING_VERSION = 1.0;
				PRODUCT_BUNDLE_IDENTIFIER = com.mimosa.TinyTribeUITests;
				PRODUCT_NAME = "$(TARGET_NAME)";
				SWIFT_EMIT_LOC_STRINGS = NO;
				SWIFT_VERSION = 5.0;
				TARGETED_DEVICE_FAMILY = "1,2";
				TEST_TARGET_NAME = TinyTribe;
			};
			name = Debug;
		};
		F4B706402CDCE38700DE2C3E /* Release */ = {
			isa = XCBuildConfiguration;
			baseConfigurationReference = DB5569056EE5E595964CC2BD /* Pods-TinyTribe-TinyTribeUITests.release.xcconfig */;
			buildSettings = {
				ALWAYS_EMBED_SWIFT_STANDARD_LIBRARIES = YES;
				CODE_SIGN_STYLE = Automatic;
				CURRENT_PROJECT_VERSION = 1;
				DEVELOPMENT_TEAM = MKQ72X65MR;
				GENERATE_INFOPLIST_FILE = YES;
				MARKETING_VERSION = 1.0;
				PRODUCT_BUNDLE_IDENTIFIER = com.mimosa.TinyTribeUITests;
				PRODUCT_NAME = "$(TARGET_NAME)";
				SWIFT_EMIT_LOC_STRINGS = NO;
				SWIFT_VERSION = 5.0;
				TARGETED_DEVICE_FAMILY = "1,2";
				TEST_TARGET_NAME = TinyTribe;
			};
			name = Release;
		};
/* End XCBuildConfiguration section */

/* Begin XCConfigurationList section */
		F4B7060F2CDCE38600DE2C3E /* Build configuration list for PBXProject "TinyTribe" */ = {
			isa = XCConfigurationList;
			buildConfigurations = (
				F4B706362CDCE38700DE2C3E /* Debug */,
				F4B706372CDCE38700DE2C3E /* Release */,
			);
			defaultConfigurationIsVisible = 0;
			defaultConfigurationName = Release;
		};
		F4B706382CDCE38700DE2C3E /* Build configuration list for PBXNativeTarget "TinyTribe" */ = {
			isa = XCConfigurationList;
			buildConfigurations = (
				F4B706392CDCE38700DE2C3E /* Debug */,
				F4B7063A2CDCE38700DE2C3E /* Release */,
			);
			defaultConfigurationIsVisible = 0;
			defaultConfigurationName = Release;
		};
		F4B7063B2CDCE38700DE2C3E /* Build configuration list for PBXNativeTarget "TinyTribeTests" */ = {
			isa = XCConfigurationList;
			buildConfigurations = (
				F4B7063C2CDCE38700DE2C3E /* Debug */,
				F4B7063D2CDCE38700DE2C3E /* Release */,
			);
			defaultConfigurationIsVisible = 0;
			defaultConfigurationName = Release;
		};
		F4B7063E2CDCE38700DE2C3E /* Build configuration list for PBXNativeTarget "TinyTribeUITests" */ = {
			isa = XCConfigurationList;
			buildConfigurations = (
				F4B7063F2CDCE38700DE2C3E /* Debug */,
				F4B706402CDCE38700DE2C3E /* Release */,
			);
			defaultConfigurationIsVisible = 0;
			defaultConfigurationName = Release;
		};
/* End XCConfigurationList section */
	};
	rootObject = F4B7060C2CDCE38600DE2C3E /* Project object */;
}
